
Microsoft Visual Studio Solution File, Format Version 12.00
# Visual Studio Version 16
VisualStudioVersion = 16.0.31205.134
MinimumVisualStudioVersion = 10.0.40219.1
Project("{FAE04EC0-301F-11D3-BF4B-00C04F79EFBC}") = "Quarto_tesok", "Quarto_tesok\Quarto_tesok.csproj", "{E2A0E462-C9F9-44D9-A927-C305FEA49EBC}"
EndProject
Global
	GlobalSection(SolutionConfigurationPlatforms) = preSolution
		Debug|Any CPU = Debug|Any CPU
		Release|Any CPU = Release|Any CPU
	EndGlobalSection
	GlobalSection(ProjectConfigurationPlatforms) = postSolution
		{E2A0E462-C9F9-44D9-A927-C305FEA49EBC}.Debug|Any CPU.ActiveCfg = Debug|Any CPU
		{E2A0E462-C9F9-44D9-A927-C305FEA49EBC}.Debug|Any CPU.Build.0 = Debug|Any CPU
		{E2A0E462-C9F9-44D9-A927-C305FEA49EBC}.Release|Any CPU.ActiveCfg = Release|Any CPU
		{E2A0E462-C9F9-44D9-A927-C305FEA49EBC}.Release|Any CPU.Build.0 = Release|Any CPU
	EndGlobalSection
	GlobalSection(SolutionProperties) = preSolution
		HideSolutionNode = FALSE
	EndGlobalSection
	GlobalSection(ExtensibilityGlobals) = postSolution
		SolutionGuid = {01D2F501-EA94-44DA-B319-C3C725456A13}
	EndGlobalSection
EndGlobal
